// !$*UTF8*$!
{
	archiveVersion = 1;
	classes = {
	};
	objectVersion = 56;
	objects = {

/* Begin PBXBuildFile section */
		520AC7DE2BFE434700EB9E6C /* Border.swift in Sources */ = {isa = PBXBuildFile; fileRef = 520AC7DD2BFE434700EB9E6C /* Border.swift */; };
		521464F02C400AB200F9C509 /* IngredientsViewController.swift in Sources */ = {isa = PBXBuildFile; fileRef = 521464EF2C400AB200F9C509 /* IngredientsViewController.swift */; };
		52282A432BD7DABC00D88B78 /* APIKey.swift in Sources */ = {isa = PBXBuildFile; fileRef = 52282A422BD7DABC00D88B78 /* APIKey.swift */; };
		522D2D542BDF83EC0096A1CA /* RecipeTableViewCell.swift in Sources */ = {isa = PBXBuildFile; fileRef = 522D2D522BDF83EC0096A1CA /* RecipeTableViewCell.swift */; };
		522D2D552BDF83EC0096A1CA /* RecipeTableViewCell.xib in Resources */ = {isa = PBXBuildFile; fileRef = 522D2D532BDF83EC0096A1CA /* RecipeTableViewCell.xib */; };
		522D2D572BDFD7DD0096A1CA /* RecipeViewController.swift in Sources */ = {isa = PBXBuildFile; fileRef = 522D2D562BDFD7DD0096A1CA /* RecipeViewController.swift */; };
		522D2D592BE13DE20096A1CA /* AlertMessage.swift in Sources */ = {isa = PBXBuildFile; fileRef = 522D2D582BE13DE20096A1CA /* AlertMessage.swift */; };
		522D2D5B2BE1582E0096A1CA /* DetailsViewController.swift in Sources */ = {isa = PBXBuildFile; fileRef = 522D2D5A2BE1582E0096A1CA /* DetailsViewController.swift */; };
		52369B652C3D107B000EE299 /* CountryTableViewCell.swift in Sources */ = {isa = PBXBuildFile; fileRef = 52369B632C3D107B000EE299 /* CountryTableViewCell.swift */; };
		52369B662C3D107B000EE299 /* CountryTableViewCell.xib in Resources */ = {isa = PBXBuildFile; fileRef = 52369B642C3D107B000EE299 /* CountryTableViewCell.xib */; };
		52369B682C3D1348000EE299 /* CountryModel.swift in Sources */ = {isa = PBXBuildFile; fileRef = 52369B672C3D1348000EE299 /* CountryModel.swift */; };
		52369B6B2C3D1A15000EE299 /* FlagKit in Frameworks */ = {isa = PBXBuildFile; productRef = 52369B6A2C3D1A15000EE299 /* FlagKit */; };
		529529502C395515004CA4DC /* countries.json in Resources */ = {isa = PBXBuildFile; fileRef = 5295294F2C395515004CA4DC /* countries.json */; };
		529613102C35D2C8008784EF /* FirebaseAuth in Frameworks */ = {isa = PBXBuildFile; productRef = 5296130F2C35D2C8008784EF /* FirebaseAuth */; };
		529613122C35D2C8008784EF /* FirebaseFirestore in Frameworks */ = {isa = PBXBuildFile; productRef = 529613112C35D2C8008784EF /* FirebaseFirestore */; };
		529613142C36BCFA008784EF /* PreferencesViewController.swift in Sources */ = {isa = PBXBuildFile; fileRef = 529613132C36BCFA008784EF /* PreferencesViewController.swift */; };
		529613162C37DAD8008784EF /* SignupManager.swift in Sources */ = {isa = PBXBuildFile; fileRef = 529613152C37DAD8008784EF /* SignupManager.swift */; };
		529613192C37EAC9008784EF /* GoogleSignIn in Frameworks */ = {isa = PBXBuildFile; productRef = 529613182C37EAC9008784EF /* GoogleSignIn */; };
		5296131B2C37EAC9008784EF /* GoogleSignInSwift in Frameworks */ = {isa = PBXBuildFile; productRef = 5296131A2C37EAC9008784EF /* GoogleSignInSwift */; };
		5296131F2C38310E008784EF /* LoginManager.swift in Sources */ = {isa = PBXBuildFile; fileRef = 5296131E2C38310E008784EF /* LoginManager.swift */; };
		52BC82772BD7C262007285CF /* RecipeManager.swift in Sources */ = {isa = PBXBuildFile; fileRef = 52BC82762BD7C262007285CF /* RecipeManager.swift */; };
		52BC82792BD7C308007285CF /* RecipeModel.swift in Sources */ = {isa = PBXBuildFile; fileRef = 52BC82782BD7C308007285CF /* RecipeModel.swift */; };
		52C1B2D32C46B34D00E89320 /* GoogleService-Info.plist in Resources */ = {isa = PBXBuildFile; fileRef = 52C1B2D22C46B34D00E89320 /* GoogleService-Info.plist */; };
		52C5F6682BBFF5AA009C0326 /* AppDelegate.swift in Sources */ = {isa = PBXBuildFile; fileRef = 52C5F6672BBFF5AA009C0326 /* AppDelegate.swift */; };
		52C5F66A2BBFF5AA009C0326 /* SceneDelegate.swift in Sources */ = {isa = PBXBuildFile; fileRef = 52C5F6692BBFF5AA009C0326 /* SceneDelegate.swift */; };
		52C5F66F2BBFF5AA009C0326 /* Main.storyboard in Resources */ = {isa = PBXBuildFile; fileRef = 52C5F66D2BBFF5AA009C0326 /* Main.storyboard */; };
		52C5F6712BBFF5AC009C0326 /* Assets.xcassets in Resources */ = {isa = PBXBuildFile; fileRef = 52C5F6702BBFF5AC009C0326 /* Assets.xcassets */; };
		52C5F6742BBFF5AC009C0326 /* LaunchScreen.storyboard in Resources */ = {isa = PBXBuildFile; fileRef = 52C5F6722BBFF5AC009C0326 /* LaunchScreen.storyboard */; };
		52CAC7112C347B7D006406F7 /* WelcomeViewControllerOne.swift in Sources */ = {isa = PBXBuildFile; fileRef = 52CAC7102C347B7D006406F7 /* WelcomeViewControllerOne.swift */; };
		52CAC7132C347B91006406F7 /* WelcomeViewControllerTwo.swift in Sources */ = {isa = PBXBuildFile; fileRef = 52CAC7122C347B91006406F7 /* WelcomeViewControllerTwo.swift */; };
		52CAC7162C347FE2006406F7 /* SignupViewController.swift in Sources */ = {isa = PBXBuildFile; fileRef = 52CAC7152C347FE2006406F7 /* SignupViewController.swift */; };
		52CAC7182C347FF0006406F7 /* LoginViewController.swift in Sources */ = {isa = PBXBuildFile; fileRef = 52CAC7172C347FF0006406F7 /* LoginViewController.swift */; };
		52D4BDBF2C3EB182004983CD /* LabelWithDelButton.swift in Sources */ = {isa = PBXBuildFile; fileRef = 52D4BDBE2C3EB181004983CD /* LabelWithDelButton.swift */; };
		52D4BDC22C3EF894004983CD /* DislikesViewController.swift in Sources */ = {isa = PBXBuildFile; fileRef = 52D4BDC12C3EF894004983CD /* DislikesViewController.swift */; };
		52D4BDC62C3F0051004983CD /* ingredients.json in Resources */ = {isa = PBXBuildFile; fileRef = 52D4BDC52C3F0051004983CD /* ingredients.json */; };
		52D4BDC92C3F0169004983CD /* IngredientsModel.swift in Sources */ = {isa = PBXBuildFile; fileRef = 52D4BDC82C3F0169004983CD /* IngredientsModel.swift */; };
		52E104E02BCD202A00B93A3D /* BezierPath.swift in Sources */ = {isa = PBXBuildFile; fileRef = 52E104DF2BCD202A00B93A3D /* BezierPath.swift */; };
		52E104E52BCDB0FE00B93A3D /* K.swift in Sources */ = {isa = PBXBuildFile; fileRef = 52E104E42BCDB0FE00B93A3D /* K.swift */; };
		7DDE31502C4B9BBD000FB89A /* Alamofire in Frameworks */ = {isa = PBXBuildFile; productRef = 7DDE314F2C4B9BBD000FB89A /* Alamofire */; };
/* End PBXBuildFile section */

/* Begin PBXFileReference section */
		520AC7DD2BFE434700EB9E6C /* Border.swift */ = {isa = PBXFileReference; lastKnownFileType = sourcecode.swift; path = Border.swift; sourceTree = "<group>"; };
		521464EF2C400AB200F9C509 /* IngredientsViewController.swift */ = {isa = PBXFileReference; lastKnownFileType = sourcecode.swift; path = IngredientsViewController.swift; sourceTree = "<group>"; };
		52282A422BD7DABC00D88B78 /* APIKey.swift */ = {isa = PBXFileReference; lastKnownFileType = sourcecode.swift; path = APIKey.swift; sourceTree = "<group>"; };
		522D2D522BDF83EC0096A1CA /* RecipeTableViewCell.swift */ = {isa = PBXFileReference; lastKnownFileType = sourcecode.swift; path = RecipeTableViewCell.swift; sourceTree = "<group>"; };
		522D2D532BDF83EC0096A1CA /* RecipeTableViewCell.xib */ = {isa = PBXFileReference; lastKnownFileType = file.xib; path = RecipeTableViewCell.xib; sourceTree = "<group>"; };
		522D2D562BDFD7DD0096A1CA /* RecipeViewController.swift */ = {isa = PBXFileReference; lastKnownFileType = sourcecode.swift; path = RecipeViewController.swift; sourceTree = "<group>"; };
		522D2D582BE13DE20096A1CA /* AlertMessage.swift */ = {isa = PBXFileReference; lastKnownFileType = sourcecode.swift; path = AlertMessage.swift; sourceTree = "<group>"; };
		522D2D5A2BE1582E0096A1CA /* DetailsViewController.swift */ = {isa = PBXFileReference; lastKnownFileType = sourcecode.swift; path = DetailsViewController.swift; sourceTree = "<group>"; };
		52369B632C3D107B000EE299 /* CountryTableViewCell.swift */ = {isa = PBXFileReference; lastKnownFileType = sourcecode.swift; path = CountryTableViewCell.swift; sourceTree = "<group>"; };
		52369B642C3D107B000EE299 /* CountryTableViewCell.xib */ = {isa = PBXFileReference; lastKnownFileType = file.xib; path = CountryTableViewCell.xib; sourceTree = "<group>"; };
		52369B672C3D1348000EE299 /* CountryModel.swift */ = {isa = PBXFileReference; lastKnownFileType = sourcecode.swift; path = CountryModel.swift; sourceTree = "<group>"; };
		5295294F2C395515004CA4DC /* countries.json */ = {isa = PBXFileReference; lastKnownFileType = text.json; path = countries.json; sourceTree = "<group>"; };
		529613132C36BCFA008784EF /* PreferencesViewController.swift */ = {isa = PBXFileReference; lastKnownFileType = sourcecode.swift; path = PreferencesViewController.swift; sourceTree = "<group>"; };
		529613152C37DAD8008784EF /* SignupManager.swift */ = {isa = PBXFileReference; lastKnownFileType = sourcecode.swift; path = SignupManager.swift; sourceTree = "<group>"; };
		5296131E2C38310E008784EF /* LoginManager.swift */ = {isa = PBXFileReference; lastKnownFileType = sourcecode.swift; path = LoginManager.swift; sourceTree = "<group>"; };
		52BC82762BD7C262007285CF /* RecipeManager.swift */ = {isa = PBXFileReference; lastKnownFileType = sourcecode.swift; path = RecipeManager.swift; sourceTree = "<group>"; };
		52BC82782BD7C308007285CF /* RecipeModel.swift */ = {isa = PBXFileReference; lastKnownFileType = sourcecode.swift; path = RecipeModel.swift; sourceTree = "<group>"; };
		52C1B2D22C46B34D00E89320 /* GoogleService-Info.plist */ = {isa = PBXFileReference; fileEncoding = 4; lastKnownFileType = text.plist.xml; path = "GoogleService-Info.plist"; sourceTree = "<group>"; };
		52C5F6642BBFF5AA009C0326 /* InstantFood.app */ = {isa = PBXFileReference; explicitFileType = wrapper.application; includeInIndex = 0; path = InstantFood.app; sourceTree = BUILT_PRODUCTS_DIR; };
		52C5F6672BBFF5AA009C0326 /* AppDelegate.swift */ = {isa = PBXFileReference; lastKnownFileType = sourcecode.swift; path = AppDelegate.swift; sourceTree = "<group>"; };
		52C5F6692BBFF5AA009C0326 /* SceneDelegate.swift */ = {isa = PBXFileReference; lastKnownFileType = sourcecode.swift; path = SceneDelegate.swift; sourceTree = "<group>"; };
		52C5F66E2BBFF5AA009C0326 /* Base */ = {isa = PBXFileReference; lastKnownFileType = file.storyboard; name = Base; path = Base.lproj/Main.storyboard; sourceTree = "<group>"; };
		52C5F6702BBFF5AC009C0326 /* Assets.xcassets */ = {isa = PBXFileReference; lastKnownFileType = folder.assetcatalog; path = Assets.xcassets; sourceTree = "<group>"; };
		52C5F6732BBFF5AC009C0326 /* Base */ = {isa = PBXFileReference; lastKnownFileType = file.storyboard; name = Base; path = Base.lproj/LaunchScreen.storyboard; sourceTree = "<group>"; };
		52C5F6752BBFF5AC009C0326 /* Info.plist */ = {isa = PBXFileReference; lastKnownFileType = text.plist.xml; path = Info.plist; sourceTree = "<group>"; };
		52CAC7102C347B7D006406F7 /* WelcomeViewControllerOne.swift */ = {isa = PBXFileReference; lastKnownFileType = sourcecode.swift; path = WelcomeViewControllerOne.swift; sourceTree = "<group>"; };
		52CAC7122C347B91006406F7 /* WelcomeViewControllerTwo.swift */ = {isa = PBXFileReference; lastKnownFileType = sourcecode.swift; path = WelcomeViewControllerTwo.swift; sourceTree = "<group>"; };
		52CAC7152C347FE2006406F7 /* SignupViewController.swift */ = {isa = PBXFileReference; lastKnownFileType = sourcecode.swift; path = SignupViewController.swift; sourceTree = "<group>"; };
		52CAC7172C347FF0006406F7 /* LoginViewController.swift */ = {isa = PBXFileReference; lastKnownFileType = sourcecode.swift; path = LoginViewController.swift; sourceTree = "<group>"; };
		52D4BDBE2C3EB181004983CD /* LabelWithDelButton.swift */ = {isa = PBXFileReference; lastKnownFileType = sourcecode.swift; path = LabelWithDelButton.swift; sourceTree = "<group>"; };
		52D4BDC12C3EF894004983CD /* DislikesViewController.swift */ = {isa = PBXFileReference; lastKnownFileType = sourcecode.swift; path = DislikesViewController.swift; sourceTree = "<group>"; };
		52D4BDC52C3F0051004983CD /* ingredients.json */ = {isa = PBXFileReference; lastKnownFileType = text.json; path = ingredients.json; sourceTree = "<group>"; };
		52D4BDC82C3F0169004983CD /* IngredientsModel.swift */ = {isa = PBXFileReference; lastKnownFileType = sourcecode.swift; path = IngredientsModel.swift; sourceTree = "<group>"; };
		52E104DF2BCD202A00B93A3D /* BezierPath.swift */ = {isa = PBXFileReference; lastKnownFileType = sourcecode.swift; path = BezierPath.swift; sourceTree = "<group>"; };
		52E104E42BCDB0FE00B93A3D /* K.swift */ = {isa = PBXFileReference; lastKnownFileType = sourcecode.swift; path = K.swift; sourceTree = "<group>"; };
/* End PBXFileReference section */

/* Begin PBXFrameworksBuildPhase section */
		52C5F6612BBFF5AA009C0326 /* Frameworks */ = {
			isa = PBXFrameworksBuildPhase;
			buildActionMask = 2147483647;
			files = (
				529613102C35D2C8008784EF /* FirebaseAuth in Frameworks */,
				529613122C35D2C8008784EF /* FirebaseFirestore in Frameworks */,
				52369B6B2C3D1A15000EE299 /* FlagKit in Frameworks */,
				7DDE31502C4B9BBD000FB89A /* Alamofire in Frameworks */,
				529613192C37EAC9008784EF /* GoogleSignIn in Frameworks */,
				5296131B2C37EAC9008784EF /* GoogleSignInSwift in Frameworks */,
			);
			runOnlyForDeploymentPostprocessing = 0;
		};
/* End PBXFrameworksBuildPhase section */

/* Begin PBXGroup section */
		52282A412BD7DA7E00D88B78 /* Networking */ = {
			isa = PBXGroup;
			children = (
				52BC82762BD7C262007285CF /* RecipeManager.swift */,
				52BC82782BD7C308007285CF /* RecipeModel.swift */,
			);
			path = Networking;
			sourceTree = "<group>";
		};
		52369B622C3D0FB4000EE299 /* MainVC */ = {
			isa = PBXGroup;
			children = (
				522D2D562BDFD7DD0096A1CA /* RecipeViewController.swift */,
				522D2D5A2BE1582E0096A1CA /* DetailsViewController.swift */,
				521464EF2C400AB200F9C509 /* IngredientsViewController.swift */,
			);
			path = MainVC;
			sourceTree = "<group>";
		};
		5295294A2C394F1B004CA4DC /* Authentication */ = {
			isa = PBXGroup;
			children = (
				5296131E2C38310E008784EF /* LoginManager.swift */,
				529613152C37DAD8008784EF /* SignupManager.swift */,
			);
			path = Authentication;
			sourceTree = "<group>";
		};
		5295294E2C394F59004CA4DC /* AuthenticationVc */ = {
			isa = PBXGroup;
			children = (
				52CAC7172C347FF0006406F7 /* LoginViewController.swift */,
				52CAC7152C347FE2006406F7 /* SignupViewController.swift */,
			);
			path = AuthenticationVc;
			sourceTree = "<group>";
		};
		52BC827C2BD7C5A1007285CF /* Supporting Files */ = {
			isa = PBXGroup;
			children = (
				52C5F6672BBFF5AA009C0326 /* AppDelegate.swift */,
				52C5F6692BBFF5AA009C0326 /* SceneDelegate.swift */,
			);
			path = "Supporting Files";
			sourceTree = "<group>";
		};
		52BC827E2BD7C5E6007285CF /* Resources */ = {
			isa = PBXGroup;
			children = (
				52C5F6702BBFF5AC009C0326 /* Assets.xcassets */,
			);
			path = Resources;
			sourceTree = "<group>";
		};
		52C5F65B2BBFF5A9009C0326 = {
			isa = PBXGroup;
			children = (
				52C5F6662BBFF5AA009C0326 /* InstantFood */,
				52C5F6652BBFF5AA009C0326 /* Products */,
			);
			sourceTree = "<group>";
		};
		52C5F6652BBFF5AA009C0326 /* Products */ = {
			isa = PBXGroup;
			children = (
				52C5F6642BBFF5AA009C0326 /* InstantFood.app */,
			);
			name = Products;
			sourceTree = "<group>";
		};
		52C5F6662BBFF5AA009C0326 /* InstantFood */ = {
			isa = PBXGroup;
			children = (
				52C1B2D22C46B34D00E89320 /* GoogleService-Info.plist */,
				52C5F6752BBFF5AC009C0326 /* Info.plist */,
				52BC827C2BD7C5A1007285CF /* Supporting Files */,
				52E104E22BCD204500B93A3D /* Model */,
				52E104E12BCD203200B93A3D /* View */,
				52E104E32BCD205800B93A3D /* Controllers */,
				52BC827E2BD7C5E6007285CF /* Resources */,
			);
			path = InstantFood;
			sourceTree = "<group>";
		};
		52CAC7142C347CAF006406F7 /* WelcomeVC */ = {
			isa = PBXGroup;
			children = (
				52CAC7102C347B7D006406F7 /* WelcomeViewControllerOne.swift */,
				52CAC7122C347B91006406F7 /* WelcomeViewControllerTwo.swift */,
				529613132C36BCFA008784EF /* PreferencesViewController.swift */,
				52D4BDC12C3EF894004983CD /* DislikesViewController.swift */,
			);
			path = WelcomeVC;
			sourceTree = "<group>";
		};
		52D4BDC02C3EF1EB004983CD /* Cells */ = {
			isa = PBXGroup;
			children = (
				522D2D522BDF83EC0096A1CA /* RecipeTableViewCell.swift */,
				522D2D532BDF83EC0096A1CA /* RecipeTableViewCell.xib */,
				52369B632C3D107B000EE299 /* CountryTableViewCell.swift */,
				52369B642C3D107B000EE299 /* CountryTableViewCell.xib */,
			);
			path = Cells;
			sourceTree = "<group>";
		};
		52D4BDC72C3F005C004983CD /* Data */ = {
			isa = PBXGroup;
			children = (
				52369B672C3D1348000EE299 /* CountryModel.swift */,
				52D4BDC52C3F0051004983CD /* ingredients.json */,
				5295294F2C395515004CA4DC /* countries.json */,
				52D4BDC82C3F0169004983CD /* IngredientsModel.swift */,
			);
			path = Data;
			sourceTree = "<group>";
		};
		52D4BDCA2C3F01B6004983CD /* CustomViews */ = {
			isa = PBXGroup;
			children = (
				522D2D582BE13DE20096A1CA /* AlertMessage.swift */,
				52D4BDBE2C3EB181004983CD /* LabelWithDelButton.swift */,
				520AC7DD2BFE434700EB9E6C /* Border.swift */,
				52E104DF2BCD202A00B93A3D /* BezierPath.swift */,
			);
			path = CustomViews;
			sourceTree = "<group>";
		};
		52E104E12BCD203200B93A3D /* View */ = {
			isa = PBXGroup;
			children = (
				52D4BDCA2C3F01B6004983CD /* CustomViews */,
				52D4BDC02C3EF1EB004983CD /* Cells */,
				52C5F66D2BBFF5AA009C0326 /* Main.storyboard */,
				52C5F6722BBFF5AC009C0326 /* LaunchScreen.storyboard */,
			);
			path = View;
			sourceTree = "<group>";
		};
		52E104E22BCD204500B93A3D /* Model */ = {
			isa = PBXGroup;
			children = (
				52D4BDC72C3F005C004983CD /* Data */,
				5295294A2C394F1B004CA4DC /* Authentication */,
				52282A412BD7DA7E00D88B78 /* Networking */,
				52E104E42BCDB0FE00B93A3D /* K.swift */,
				52282A422BD7DABC00D88B78 /* APIKey.swift */,
			);
			path = Model;
			sourceTree = "<group>";
		};
		52E104E32BCD205800B93A3D /* Controllers */ = {
			isa = PBXGroup;
			children = (
				52369B622C3D0FB4000EE299 /* MainVC */,
				5295294E2C394F59004CA4DC /* AuthenticationVc */,
				52CAC7142C347CAF006406F7 /* WelcomeVC */,
			);
			path = Controllers;
			sourceTree = "<group>";
		};
/* End PBXGroup section */

/* Begin PBXNativeTarget section */
		52C5F6632BBFF5AA009C0326 /* InstantFood */ = {
			isa = PBXNativeTarget;
			buildConfigurationList = 52C5F6782BBFF5AC009C0326 /* Build configuration list for PBXNativeTarget "InstantFood" */;
			buildPhases = (
				52C5F6602BBFF5AA009C0326 /* Sources */,
				52C5F6612BBFF5AA009C0326 /* Frameworks */,
				52C5F6622BBFF5AA009C0326 /* Resources */,
			);
			buildRules = (
			);
			dependencies = (
			);
			name = InstantFood;
			packageProductDependencies = (
				5296130F2C35D2C8008784EF /* FirebaseAuth */,
				529613112C35D2C8008784EF /* FirebaseFirestore */,
				529613182C37EAC9008784EF /* GoogleSignIn */,
				5296131A2C37EAC9008784EF /* GoogleSignInSwift */,
				52369B6A2C3D1A15000EE299 /* FlagKit */,
				7DDE314F2C4B9BBD000FB89A /* Alamofire */,
			);
			productName = InstantFood;
			productReference = 52C5F6642BBFF5AA009C0326 /* InstantFood.app */;
			productType = "com.apple.product-type.application";
		};
/* End PBXNativeTarget section */

/* Begin PBXProject section */
		52C5F65C2BBFF5A9009C0326 /* Project object */ = {
			isa = PBXProject;
			attributes = {
				BuildIndependentTargetsInParallel = 1;
				LastSwiftUpdateCheck = 1430;
				LastUpgradeCheck = 1430;
				TargetAttributes = {
					52C5F6632BBFF5AA009C0326 = {
						CreatedOnToolsVersion = 14.3.1;
					};
				};
			};
			buildConfigurationList = 52C5F65F2BBFF5A9009C0326 /* Build configuration list for PBXProject "InstantFood" */;
			compatibilityVersion = "Xcode 14.0";
			developmentRegion = en;
			hasScannedForEncodings = 0;
			knownRegions = (
				en,
				Base,
			);
			mainGroup = 52C5F65B2BBFF5A9009C0326;
			packageReferences = (
				5296130E2C35D2C8008784EF /* XCRemoteSwiftPackageReference "firebase-ios-sdk" */,
				529613172C37EAC8008784EF /* XCRemoteSwiftPackageReference "GoogleSignIn-iOS" */,
				52369B692C3D1A15000EE299 /* XCRemoteSwiftPackageReference "FlagKit" */,
				7DDE314B2C4B97A1000FB89A /* XCRemoteSwiftPackageReference "generative-ai-swift" */,
				7DDE314E2C4B9BBD000FB89A /* XCRemoteSwiftPackageReference "Alamofire" */,
			);
			productRefGroup = 52C5F6652BBFF5AA009C0326 /* Products */;
			projectDirPath = "";
			projectRoot = "";
			targets = (
				52C5F6632BBFF5AA009C0326 /* InstantFood */,
			);
		};
/* End PBXProject section */

/* Begin PBXResourcesBuildPhase section */
		52C5F6622BBFF5AA009C0326 /* Resources */ = {
			isa = PBXResourcesBuildPhase;
			buildActionMask = 2147483647;
			files = (
				529529502C395515004CA4DC /* countries.json in Resources */,
				52C1B2D32C46B34D00E89320 /* GoogleService-Info.plist in Resources */,
				52C5F6742BBFF5AC009C0326 /* LaunchScreen.storyboard in Resources */,
				52369B662C3D107B000EE299 /* CountryTableViewCell.xib in Resources */,
				52C5F6712BBFF5AC009C0326 /* Assets.xcassets in Resources */,
				52D4BDC62C3F0051004983CD /* ingredients.json in Resources */,
				52C5F66F2BBFF5AA009C0326 /* Main.storyboard in Resources */,
				522D2D552BDF83EC0096A1CA /* RecipeTableViewCell.xib in Resources */,
			);
			runOnlyForDeploymentPostprocessing = 0;
		};
/* End PBXResourcesBuildPhase section */

/* Begin PBXSourcesBuildPhase section */
		52C5F6602BBFF5AA009C0326 /* Sources */ = {
			isa = PBXSourcesBuildPhase;
			buildActionMask = 2147483647;
			files = (
				52D4BDC22C3EF894004983CD /* DislikesViewController.swift in Sources */,
				52E104E52BCDB0FE00B93A3D /* K.swift in Sources */,
				522D2D572BDFD7DD0096A1CA /* RecipeViewController.swift in Sources */,
				529613162C37DAD8008784EF /* SignupManager.swift in Sources */,
				52E104E02BCD202A00B93A3D /* BezierPath.swift in Sources */,
				52CAC7132C347B91006406F7 /* WelcomeViewControllerTwo.swift in Sources */,
				521464F02C400AB200F9C509 /* IngredientsViewController.swift in Sources */,
				529613142C36BCFA008784EF /* PreferencesViewController.swift in Sources */,
				522D2D542BDF83EC0096A1CA /* RecipeTableViewCell.swift in Sources */,
				520AC7DE2BFE434700EB9E6C /* Border.swift in Sources */,
				52D4BDC92C3F0169004983CD /* IngredientsModel.swift in Sources */,
				52BC82772BD7C262007285CF /* RecipeManager.swift in Sources */,
				52CAC7182C347FF0006406F7 /* LoginViewController.swift in Sources */,
				52CAC7162C347FE2006406F7 /* SignupViewController.swift in Sources */,
				52369B652C3D107B000EE299 /* CountryTableViewCell.swift in Sources */,
				522D2D592BE13DE20096A1CA /* AlertMessage.swift in Sources */,
				5296131F2C38310E008784EF /* LoginManager.swift in Sources */,
				52C5F6682BBFF5AA009C0326 /* AppDelegate.swift in Sources */,
				52C5F66A2BBFF5AA009C0326 /* SceneDelegate.swift in Sources */,
				52D4BDBF2C3EB182004983CD /* LabelWithDelButton.swift in Sources */,
				52CAC7112C347B7D006406F7 /* WelcomeViewControllerOne.swift in Sources */,
				52BC82792BD7C308007285CF /* RecipeModel.swift in Sources */,
				52282A432BD7DABC00D88B78 /* APIKey.swift in Sources */,
				522D2D5B2BE1582E0096A1CA /* DetailsViewController.swift in Sources */,
				52369B682C3D1348000EE299 /* CountryModel.swift in Sources */,
			);
			runOnlyForDeploymentPostprocessing = 0;
		};
/* End PBXSourcesBuildPhase section */

/* Begin PBXVariantGroup section */
		52C5F66D2BBFF5AA009C0326 /* Main.storyboard */ = {
			isa = PBXVariantGroup;
			children = (
				52C5F66E2BBFF5AA009C0326 /* Base */,
			);
			name = Main.storyboard;
			sourceTree = "<group>";
		};
		52C5F6722BBFF5AC009C0326 /* LaunchScreen.storyboard */ = {
			isa = PBXVariantGroup;
			children = (
				52C5F6732BBFF5AC009C0326 /* Base */,
			);
			name = LaunchScreen.storyboard;
			sourceTree = "<group>";
		};
/* End PBXVariantGroup section */

/* Begin XCBuildConfiguration section */
		52C5F6762BBFF5AC009C0326 /* Debug */ = {
			isa = XCBuildConfiguration;
			buildSettings = {
				ALWAYS_SEARCH_USER_PATHS = NO;
				CLANG_ANALYZER_NONNULL = YES;
				CLANG_ANALYZER_NUMBER_OBJECT_CONVERSION = YES_AGGRESSIVE;
				CLANG_CXX_LANGUAGE_STANDARD = "gnu++20";
				CLANG_ENABLE_MODULES = YES;
				CLANG_ENABLE_OBJC_ARC = YES;
				CLANG_ENABLE_OBJC_WEAK = YES;
				CLANG_WARN_BLOCK_CAPTURE_AUTORELEASING = YES;
				CLANG_WARN_BOOL_CONVERSION = YES;
				CLANG_WARN_COMMA = YES;
				CLANG_WARN_CONSTANT_CONVERSION = YES;
				CLANG_WARN_DEPRECATED_OBJC_IMPLEMENTATIONS = YES;
				CLANG_WARN_DIRECT_OBJC_ISA_USAGE = YES_ERROR;
				CLANG_WARN_DOCUMENTATION_COMMENTS = YES;
				CLANG_WARN_EMPTY_BODY = YES;
				CLANG_WARN_ENUM_CONVERSION = YES;
				CLANG_WARN_INFINITE_RECURSION = YES;
				CLANG_WARN_INT_CONVERSION = YES;
				CLANG_WARN_NON_LITERAL_NULL_CONVERSION = YES;
				CLANG_WARN_OBJC_IMPLICIT_RETAIN_SELF = YES;
				CLANG_WARN_OBJC_LITERAL_CONVERSION = YES;
				CLANG_WARN_OBJC_ROOT_CLASS = YES_ERROR;
				CLANG_WARN_QUOTED_INCLUDE_IN_FRAMEWORK_HEADER = YES;
				CLANG_WARN_RANGE_LOOP_ANALYSIS = YES;
				CLANG_WARN_STRICT_PROTOTYPES = YES;
				CLANG_WARN_SUSPICIOUS_MOVE = YES;
				CLANG_WARN_UNGUARDED_AVAILABILITY = YES_AGGRESSIVE;
				CLANG_WARN_UNREACHABLE_CODE = YES;
				CLANG_WARN__DUPLICATE_METHOD_MATCH = YES;
				COPY_PHASE_STRIP = NO;
				DEBUG_INFORMATION_FORMAT = dwarf;
				ENABLE_STRICT_OBJC_MSGSEND = YES;
				ENABLE_TESTABILITY = YES;
				GCC_C_LANGUAGE_STANDARD = gnu11;
				GCC_DYNAMIC_NO_PIC = NO;
				GCC_NO_COMMON_BLOCKS = YES;
				GCC_OPTIMIZATION_LEVEL = 0;
				GCC_PREPROCESSOR_DEFINITIONS = (
					"DEBUG=1",
					"$(inherited)",
				);
				GCC_WARN_64_TO_32_BIT_CONVERSION = YES;
				GCC_WARN_ABOUT_RETURN_TYPE = YES_ERROR;
				GCC_WARN_UNDECLARED_SELECTOR = YES;
				GCC_WARN_UNINITIALIZED_AUTOS = YES_AGGRESSIVE;
				GCC_WARN_UNUSED_FUNCTION = YES;
				GCC_WARN_UNUSED_VARIABLE = YES;
				IPHONEOS_DEPLOYMENT_TARGET = 16.4;
				MTL_ENABLE_DEBUG_INFO = INCLUDE_SOURCE;
				MTL_FAST_MATH = YES;
				ONLY_ACTIVE_ARCH = YES;
				SDKROOT = iphoneos;
				SWIFT_ACTIVE_COMPILATION_CONDITIONS = DEBUG;
				SWIFT_OPTIMIZATION_LEVEL = "-Onone";
			};
			name = Debug;
		};
		52C5F6772BBFF5AC009C0326 /* Release */ = {
			isa = XCBuildConfiguration;
			buildSettings = {
				ALWAYS_SEARCH_USER_PATHS = NO;
				CLANG_ANALYZER_NONNULL = YES;
				CLANG_ANALYZER_NUMBER_OBJECT_CONVERSION = YES_AGGRESSIVE;
				CLANG_CXX_LANGUAGE_STANDARD = "gnu++20";
				CLANG_ENABLE_MODULES = YES;
				CLANG_ENABLE_OBJC_ARC = YES;
				CLANG_ENABLE_OBJC_WEAK = YES;
				CLANG_WARN_BLOCK_CAPTURE_AUTORELEASING = YES;
				CLANG_WARN_BOOL_CONVERSION = YES;
				CLANG_WARN_COMMA = YES;
				CLANG_WARN_CONSTANT_CONVERSION = YES;
				CLANG_WARN_DEPRECATED_OBJC_IMPLEMENTATIONS = YES;
				CLANG_WARN_DIRECT_OBJC_ISA_USAGE = YES_ERROR;
				CLANG_WARN_DOCUMENTATION_COMMENTS = YES;
				CLANG_WARN_EMPTY_BODY = YES;
				CLANG_WARN_ENUM_CONVERSION = YES;
				CLANG_WARN_INFINITE_RECURSION = YES;
				CLANG_WARN_INT_CONVERSION = YES;
				CLANG_WARN_NON_LITERAL_NULL_CONVERSION = YES;
				CLANG_WARN_OBJC_IMPLICIT_RETAIN_SELF = YES;
				CLANG_WARN_OBJC_LITERAL_CONVERSION = YES;
				CLANG_WARN_OBJC_ROOT_CLASS = YES_ERROR;
				CLANG_WARN_QUOTED_INCLUDE_IN_FRAMEWORK_HEADER = YES;
				CLANG_WARN_RANGE_LOOP_ANALYSIS = YES;
				CLANG_WARN_STRICT_PROTOTYPES = YES;
				CLANG_WARN_SUSPICIOUS_MOVE = YES;
				CLANG_WARN_UNGUARDED_AVAILABILITY = YES_AGGRESSIVE;
				CLANG_WARN_UNREACHABLE_CODE = YES;
				CLANG_WARN__DUPLICATE_METHOD_MATCH = YES;
				COPY_PHASE_STRIP = NO;
				DEBUG_INFORMATION_FORMAT = "dwarf-with-dsym";
				ENABLE_NS_ASSERTIONS = NO;
				ENABLE_STRICT_OBJC_MSGSEND = YES;
				GCC_C_LANGUAGE_STANDARD = gnu11;
				GCC_NO_COMMON_BLOCKS = YES;
				GCC_WARN_64_TO_32_BIT_CONVERSION = YES;
				GCC_WARN_ABOUT_RETURN_TYPE = YES_ERROR;
				GCC_WARN_UNDECLARED_SELECTOR = YES;
				GCC_WARN_UNINITIALIZED_AUTOS = YES_AGGRESSIVE;
				GCC_WARN_UNUSED_FUNCTION = YES;
				GCC_WARN_UNUSED_VARIABLE = YES;
				IPHONEOS_DEPLOYMENT_TARGET = 16.4;
				MTL_ENABLE_DEBUG_INFO = NO;
				MTL_FAST_MATH = YES;
				SDKROOT = iphoneos;
				SWIFT_COMPILATION_MODE = wholemodule;
				SWIFT_OPTIMIZATION_LEVEL = "-O";
				VALIDATE_PRODUCT = YES;
			};
			name = Release;
		};
		52C5F6792BBFF5AC009C0326 /* Debug */ = {
			isa = XCBuildConfiguration;
			buildSettings = {
				ASSETCATALOG_COMPILER_APPICON_NAME = AppIcon;
				ASSETCATALOG_COMPILER_GLOBAL_ACCENT_COLOR_NAME = AccentColor;
				CODE_SIGN_STYLE = Automatic;
				CURRENT_PROJECT_VERSION = 1;
				GENERATE_INFOPLIST_FILE = YES;
				INFOPLIST_FILE = InstantFood/Info.plist;
				INFOPLIST_KEY_UIApplicationSupportsIndirectInputEvents = YES;
				INFOPLIST_KEY_UILaunchStoryboardName = LaunchScreen;
				INFOPLIST_KEY_UIMainStoryboardFile = Main;
				INFOPLIST_KEY_UISupportedInterfaceOrientations = UIInterfaceOrientationPortrait;
				INFOPLIST_KEY_UISupportedInterfaceOrientations_iPad = "UIInterfaceOrientationLandscapeLeft UIInterfaceOrientationLandscapeRight UIInterfaceOrientationPortrait UIInterfaceOrientationPortraitUpsideDown";
				LD_RUNPATH_SEARCH_PATHS = (
					"$(inherited)",
					"@executable_path/Frameworks",
				);
				MARKETING_VERSION = 1.0;
				PRODUCT_BUNDLE_IDENTIFIER = nisafatima.InstantFood;
				PRODUCT_NAME = "$(TARGET_NAME)";
				SWIFT_EMIT_LOC_STRINGS = YES;
				SWIFT_VERSION = 5.0;
				TARGETED_DEVICE_FAMILY = "1,2";
			};
			name = Debug;
		};
		52C5F67A2BBFF5AC009C0326 /* Release */ = {
			isa = XCBuildConfiguration;
			buildSettings = {
				ASSETCATALOG_COMPILER_APPICON_NAME = AppIcon;
				ASSETCATALOG_COMPILER_GLOBAL_ACCENT_COLOR_NAME = AccentColor;
				CODE_SIGN_STYLE = Automatic;
				CURRENT_PROJECT_VERSION = 1;
				GENERATE_INFOPLIST_FILE = YES;
				INFOPLIST_FILE = InstantFood/Info.plist;
				INFOPLIST_KEY_UIApplicationSupportsIndirectInputEvents = YES;
				INFOPLIST_KEY_UILaunchStoryboardName = LaunchScreen;
				INFOPLIST_KEY_UIMainStoryboardFile = Main;
				INFOPLIST_KEY_UISupportedInterfaceOrientations = UIInterfaceOrientationPortrait;
				INFOPLIST_KEY_UISupportedInterfaceOrientations_iPad = "UIInterfaceOrientationLandscapeLeft UIInterfaceOrientationLandscapeRight UIInterfaceOrientationPortrait UIInterfaceOrientationPortraitUpsideDown";
				LD_RUNPATH_SEARCH_PATHS = (
					"$(inherited)",
					"@executable_path/Frameworks",
				);
				MARKETING_VERSION = 1.0;
				PRODUCT_BUNDLE_IDENTIFIER = nisafatima.InstantFood;
				PRODUCT_NAME = "$(TARGET_NAME)";
				SWIFT_EMIT_LOC_STRINGS = YES;
				SWIFT_VERSION = 5.0;
				TARGETED_DEVICE_FAMILY = "1,2";
			};
			name = Release;
		};
/* End XCBuildConfiguration section */

/* Begin XCConfigurationList section */
		52C5F65F2BBFF5A9009C0326 /* Build configuration list for PBXProject "InstantFood" */ = {
			isa = XCConfigurationList;
			buildConfigurations = (
				52C5F6762BBFF5AC009C0326 /* Debug */,
				52C5F6772BBFF5AC009C0326 /* Release */,
			);
			defaultConfigurationIsVisible = 0;
			defaultConfigurationName = Release;
		};
		52C5F6782BBFF5AC009C0326 /* Build configuration list for PBXNativeTarget "InstantFood" */ = {
			isa = XCConfigurationList;
			buildConfigurations = (
				52C5F6792BBFF5AC009C0326 /* Debug */,
				52C5F67A2BBFF5AC009C0326 /* Release */,
			);
			defaultConfigurationIsVisible = 0;
			defaultConfigurationName = Release;
		};
/* End XCConfigurationList section */

/* Begin XCRemoteSwiftPackageReference section */
		52369B692C3D1A15000EE299 /* XCRemoteSwiftPackageReference "FlagKit" */ = {
			isa = XCRemoteSwiftPackageReference;
			repositoryURL = "https://github.com/madebybowtie/FlagKit.git";
			requirement = {
				kind = upToNextMajorVersion;
				minimumVersion = 2.0.0;
			};
		};
		5296130E2C35D2C8008784EF /* XCRemoteSwiftPackageReference "firebase-ios-sdk" */ = {
			isa = XCRemoteSwiftPackageReference;
			repositoryURL = "https://github.com/firebase/firebase-ios-sdk.git";
			requirement = {
				kind = upToNextMajorVersion;
				minimumVersion = 10.0.0;
			};
		};
		529613172C37EAC8008784EF /* XCRemoteSwiftPackageReference "GoogleSignIn-iOS" */ = {
			isa = XCRemoteSwiftPackageReference;
			repositoryURL = "https://github.com/google/GoogleSignIn-iOS";
			requirement = {
				kind = upToNextMajorVersion;
				minimumVersion = 7.0.0;
			};
		};
		7DDE314B2C4B97A1000FB89A /* XCRemoteSwiftPackageReference "generative-ai-swift" */ = {
			isa = XCRemoteSwiftPackageReference;
			repositoryURL = "https://github.com/google-gemini/generative-ai-swift.git";
			requirement = {
				kind = upToNextMajorVersion;
				minimumVersion = 0.5.4;
			};
		};
		7DDE314E2C4B9BBD000FB89A /* XCRemoteSwiftPackageReference "Alamofire" */ = {
			isa = XCRemoteSwiftPackageReference;
			repositoryURL = "https://github.com/Alamofire/Alamofire.git";
			requirement = {
				kind = upToNextMajorVersion;
				minimumVersion = 5.0.0;
			};
		};
/* End XCRemoteSwiftPackageReference section */

/* Begin XCSwiftPackageProductDependency section */
		52369B6A2C3D1A15000EE299 /* FlagKit */ = {
			isa = XCSwiftPackageProductDependency;
			package = 52369B692C3D1A15000EE299 /* XCRemoteSwiftPackageReference "FlagKit" */;
			productName = FlagKit;
		};
		5296130F2C35D2C8008784EF /* FirebaseAuth */ = {
			isa = XCSwiftPackageProductDependency;
			package = 5296130E2C35D2C8008784EF /* XCRemoteSwiftPackageReference "firebase-ios-sdk" */;
			productName = FirebaseAuth;
		};
		529613112C35D2C8008784EF /* FirebaseFirestore */ = {
			isa = XCSwiftPackageProductDependency;
			package = 5296130E2C35D2C8008784EF /* XCRemoteSwiftPackageReference "firebase-ios-sdk" */;
			productName = FirebaseFirestore;
		};
		529613182C37EAC9008784EF /* GoogleSignIn */ = {
			isa = XCSwiftPackageProductDependency;
			package = 529613172C37EAC8008784EF /* XCRemoteSwiftPackageReference "GoogleSignIn-iOS" */;
			productName = GoogleSignIn;
		};
		5296131A2C37EAC9008784EF /* GoogleSignInSwift */ = {
			isa = XCSwiftPackageProductDependency;
			package = 529613172C37EAC8008784EF /* XCRemoteSwiftPackageReference "GoogleSignIn-iOS" */;
			productName = GoogleSignInSwift;
		};
		7DDE314F2C4B9BBD000FB89A /* Alamofire */ = {
			isa = XCSwiftPackageProductDependency;
			package = 7DDE314E2C4B9BBD000FB89A /* XCRemoteSwiftPackageReference "Alamofire" */;
			productName = Alamofire;
		};
/* End XCSwiftPackageProductDependency section */
	};
	rootObject = 52C5F65C2BBFF5A9009C0326 /* Project object */;
}
